
Microsoft Visual Studio Solution File, Format Version 12.00
# Visual Studio 2012
Project("{FAE04EC0-301F-11D3-BF4B-00C04F79EFBC}") = "ChargerID.UI", "ChargerID.UI\ChargerID.UI.csproj", "{A505B437-3FB2-4CCF-96DF-938F4254B3CA}"
EndProject
Project("{FAE04EC0-301F-11D3-BF4B-00C04F79EFBC}") = "ChargerID.LocatorServices", "ChargerID.LocatorServices\ChargerID.LocatorServices.csproj", "{97EBAD36-6156-444F-BED5-F4E3AD1FAA1D}"
EndProject
Project("{FAE04EC0-301F-11D3-BF4B-00C04F79EFBC}") = "ChargerID.Business", "ChargerID.Business\ChargerID.Business.csproj", "{464D6DA9-3AAA-4BAA-8EED-FAD370451CB0}"
EndProject
Project("{FAE04EC0-301F-11D3-BF4B-00C04F79EFBC}") = "ChargerID.DataAccess", "ChargerID.DataAccess\ChargerID.DataAccess.csproj", "{2C99E885-9830-4F62-BF6F-B6B5C27AA4DD}"
EndProject
Project("{FAE04EC0-301F-11D3-BF4B-00C04F79EFBC}") = "ChargerID.Tests", "ChargerID.Tests\ChargerID.Tests.csproj", "{B3C6AF24-4DB7-4603-BE3D-844A85CF9967}"
EndProject
Project("{FAE04EC0-301F-11D3-BF4B-00C04F79EFBC}") = "ChargerID.AdServices", "ChargerID.AdServices\ChargerID.AdServices.csproj", "{0CA9B1D4-6B42-451A-9C2C-9A8E85E36E0A}"
EndProject
Project("{FAE04EC0-301F-11D3-BF4B-00C04F79EFBC}") = "ChargerID.Configuration", "ChargerID.Configuration\ChargerID.Configuration.csproj", "{9C4966B5-72C9-4E89-BD04-0C7A9AFDEF96}"
EndProject
Project("{FAE04EC0-301F-11D3-BF4B-00C04F79EFBC}") = "ChargerID.UpdateService", "ChargerID.UpdateService\ChargerID.UpdateService.csproj", "{7A5D4077-26EC-4BF9-AA3E-4F713DACF3E2}"
EndProject
Global
	GlobalSection(SolutionConfigurationPlatforms) = preSolution
		Debug|Any CPU = Debug|Any CPU
		Release|Any CPU = Release|Any CPU
	EndGlobalSection
	GlobalSection(ProjectConfigurationPlatforms) = postSolution
		{A505B437-3FB2-4CCF-96DF-938F4254B3CA}.Debug|Any CPU.ActiveCfg = Debug|Any CPU
		{A505B437-3FB2-4CCF-96DF-938F4254B3CA}.Debug|Any CPU.Build.0 = Debug|Any CPU
		{A505B437-3FB2-4CCF-96DF-938F4254B3CA}.Release|Any CPU.ActiveCfg = Release|Any CPU
		{A505B437-3FB2-4CCF-96DF-938F4254B3CA}.Release|Any CPU.Build.0 = Release|Any CPU
		{97EBAD36-6156-444F-BED5-F4E3AD1FAA1D}.Debug|Any CPU.ActiveCfg = Debug|Any CPU
		{97EBAD36-6156-444F-BED5-F4E3AD1FAA1D}.Debug|Any CPU.Build.0 = Debug|Any CPU
		{97EBAD36-6156-444F-BED5-F4E3AD1FAA1D}.Release|Any CPU.ActiveCfg = Release|Any CPU
		{97EBAD36-6156-444F-BED5-F4E3AD1FAA1D}.Release|Any CPU.Build.0 = Release|Any CPU
		{464D6DA9-3AAA-4BAA-8EED-FAD370451CB0}.Debug|Any CPU.ActiveCfg = Debug|Any CPU
		{464D6DA9-3AAA-4BAA-8EED-FAD370451CB0}.Debug|Any CPU.Build.0 = Debug|Any CPU
		{464D6DA9-3AAA-4BAA-8EED-FAD370451CB0}.Release|Any CPU.ActiveCfg = Release|Any CPU
		{464D6DA9-3AAA-4BAA-8EED-FAD370451CB0}.Release|Any CPU.Build.0 = Release|Any CPU
		{2C99E885-9830-4F62-BF6F-B6B5C27AA4DD}.Debug|Any CPU.ActiveCfg = Debug|Any CPU
		{2C99E885-9830-4F62-BF6F-B6B5C27AA4DD}.Debug|Any CPU.Build.0 = Debug|Any CPU
		{2C99E885-9830-4F62-BF6F-B6B5C27AA4DD}.Release|Any CPU.ActiveCfg = Release|Any CPU
		{2C99E885-9830-4F62-BF6F-B6B5C27AA4DD}.Release|Any CPU.Build.0 = Release|Any CPU
		{B3C6AF24-4DB7-4603-BE3D-844A85CF9967}.Debug|Any CPU.ActiveCfg = Debug|Any CPU
		{B3C6AF24-4DB7-4603-BE3D-844A85CF9967}.Debug|Any CPU.Build.0 = Debug|Any CPU
		{B3C6AF24-4DB7-4603-BE3D-844A85CF9967}.Release|Any CPU.ActiveCfg = Release|Any CPU
		{B3C6AF24-4DB7-4603-BE3D-844A85CF9967}.Release|Any CPU.Build.0 = Release|Any CPU
		{0CA9B1D4-6B42-451A-9C2C-9A8E85E36E0A}.Debug|Any CPU.ActiveCfg = Debug|Any CPU
		{0CA9B1D4-6B42-451A-9C2C-9A8E85E36E0A}.Debug|Any CPU.Build.0 = Debug|Any CPU
		{0CA9B1D4-6B42-451A-9C2C-9A8E85E36E0A}.Release|Any CPU.ActiveCfg = Release|Any CPU
		{0CA9B1D4-6B42-451A-9C2C-9A8E85E36E0A}.Release|Any CPU.Build.0 = Release|Any CPU
		{9C4966B5-72C9-4E89-BD04-0C7A9AFDEF96}.Debug|Any CPU.ActiveCfg = Debug|Any CPU
		{9C4966B5-72C9-4E89-BD04-0C7A9AFDEF96}.Debug|Any CPU.Build.0 = Debug|Any CPU
		{9C4966B5-72C9-4E89-BD04-0C7A9AFDEF96}.Release|Any CPU.ActiveCfg = Release|Any CPU
		{9C4966B5-72C9-4E89-BD04-0C7A9AFDEF96}.Release|Any CPU.Build.0 = Release|Any CPU
		{7A5D4077-26EC-4BF9-AA3E-4F713DACF3E2}.Debug|Any CPU.ActiveCfg = Debug|Any CPU
		{7A5D4077-26EC-4BF9-AA3E-4F713DACF3E2}.Debug|Any CPU.Build.0 = Debug|Any CPU
		{7A5D4077-26EC-4BF9-AA3E-4F713DACF3E2}.Release|Any CPU.ActiveCfg = Release|Any CPU
		{7A5D4077-26EC-4BF9-AA3E-4F713DACF3E2}.Release|Any CPU.Build.0 = Release|Any CPU
	EndGlobalSection
	GlobalSection(SolutionProperties) = preSolution
		HideSolutionNode = FALSE
	EndGlobalSection
EndGlobal
